
Microsoft Visual Studio Solution File, Format Version 12.00
# Visual Studio Version 17
VisualStudioVersion = 17.9.34728.123
MinimumVisualStudioVersion = 10.0.40219.1
Project("{FAE04EC0-301F-11D3-BF4B-00C04F79EFBC}") = "OOPPROJECT", "OOPPROJECT.csproj", "{671068A7-247B-4F96-BF61-BA8495B3D080}"
EndProject
Global
	GlobalSection(SolutionConfigurationPlatforms) = preSolution
		Debug|Any CPU = Debug|Any CPU
		Release|Any CPU = Release|Any CPU
	EndGlobalSection
	GlobalSection(ProjectConfigurationPlatforms) = postSolution
		{671068A7-247B-4F96-BF61-BA8495B3D080}.Debug|Any CPU.ActiveCfg = Debug|Any CPU
		{671068A7-247B-4F96-BF61-BA8495B3D080}.Debug|Any CPU.Build.0 = Debug|Any CPU
		{671068A7-247B-4F96-BF61-BA8495B3D080}.Release|Any CPU.ActiveCfg = Release|Any CPU
		{671068A7-247B-4F96-BF61-BA8495B3D080}.Release|Any CPU.Build.0 = Release|Any CPU
	EndGlobalSection
	GlobalSection(SolutionProperties) = preSolution
		HideSolutionNode = FALSE
	EndGlobalSection
	GlobalSection(ExtensibilityGlobals) = postSolution
		SolutionGuid = {11921A30-AA6F-4AA5-A3C0-C7E22FA83B8A}
	EndGlobalSection
EndGlobal
